
Microsoft Visual Studio Solution File, Format Version 12.00
# Visual Studio Version 16
VisualStudioVersion = 16.0.31129.286
MinimumVisualStudioVersion = 10.0.40219.1
Project("{9A19103F-16F7-4668-BE54-9A1E7A4F7556}") = "HotelBookingSystem", "HotelBookingSystem\HotelBookingSystem.csproj", "{5A00707F-620A-449E-8CA6-00E313D18E13}"
EndProject
Project("{FAE04EC0-301F-11D3-BF4B-00C04F79EFBC}") = "Hotel.Database", "Hotel.Database\Hotel.Database.csproj", "{898A01A6-52E3-4130-A6F6-61D621C09485}"
EndProject
Global
	GlobalSection(SolutionConfigurationPlatforms) = preSolution
		Debug|Any CPU = Debug|Any CPU
		Release|Any CPU = Release|Any CPU
	EndGlobalSection
	GlobalSection(ProjectConfigurationPlatforms) = postSolution
		{5A00707F-620A-449E-8CA6-00E313D18E13}.Debug|Any CPU.ActiveCfg = Debug|Any CPU
		{5A00707F-620A-449E-8CA6-00E313D18E13}.Debug|Any CPU.Build.0 = Debug|Any CPU
		{5A00707F-620A-449E-8CA6-00E313D18E13}.Release|Any CPU.ActiveCfg = Release|Any CPU
		{5A00707F-620A-449E-8CA6-00E313D18E13}.Release|Any CPU.Build.0 = Release|Any CPU
		{898A01A6-52E3-4130-A6F6-61D621C09485}.Debug|Any CPU.ActiveCfg = Debug|Any CPU
		{898A01A6-52E3-4130-A6F6-61D621C09485}.Debug|Any CPU.Build.0 = Debug|Any CPU
		{898A01A6-52E3-4130-A6F6-61D621C09485}.Release|Any CPU.ActiveCfg = Release|Any CPU
		{898A01A6-52E3-4130-A6F6-61D621C09485}.Release|Any CPU.Build.0 = Release|Any CPU
	EndGlobalSection
	GlobalSection(SolutionProperties) = preSolution
		HideSolutionNode = FALSE
	EndGlobalSection
	GlobalSection(ExtensibilityGlobals) = postSolution
		SolutionGuid = {0F44EDF1-320B-4891-8AF4-C621CC454E3C}
	EndGlobalSection
EndGlobal
